{
  "name": "ssb-chess-mithril",
  "version": "2.0.9",
  "lockfileVersion": 3,
  "requires": true,
  "packages": {
    "": {
      "name": "ssb-chess-mithril",
      "version": "2.0.9",
      "license": "GPL-3.0",
      "dependencies": {
        "chessground": "7.6.8",
        "howler": "^2.0.15",
        "human-time": "0.0.2",
        "hyperscript": "^2.0.2",
        "mithril": "1.1.7",
        "mutant": "3.29.0",
        "pubsub-js": "^1.7.0",
        "pull-scroll": "^1.0.9",
        "pull-stream": "^3.6.14",
        "ramda": "^0.25.0",
        "ssb-chess": "4.0.5",
        "ssb-embedded-chat": "2.0.2"
      }
    },
    "../ssb-embedded-chat": {
      "version": "2.0.2",
      "license": "GPL-3.0",
      "dependencies": {
        "hyperscript": "2.0.2",
        "pull-abortable": "^4.1.1",
        "pull-cat": "^1.1.11",
        "pull-scroll": "1.0.9",
        "pull-stream": "3.6.0"
      },
      "devDependencies": {}
    },
    "../ssb-embedded-chat/node_modules/browser-split": {
      "version": "0.0.0",
      "license": "MIT"
    },
    "../ssb-embedded-chat/node_modules/class-list": {
      "version": "0.1.1",
      "dependencies": {
        "indexof": "0.0.1"
      }
    },
    "../ssb-embedded-chat/node_modules/html-element": {
      "version": "2.2.0",
      "license": "MIT",
      "dependencies": {
        "class-list": "~0.1.1"
      },
      "engines": {
        "node": ">=4.2"
      }
    },
    "../ssb-embedded-chat/node_modules/hyperscript": {
      "version": "2.0.2",
      "license": "MIT",
      "dependencies": {
        "browser-split": "0.0.0",
        "class-list": "~0.1.0",
        "html-element": "^2.0.0"
      }
    },
    "../ssb-embedded-chat/node_modules/indexof": {
      "version": "0.0.1"
    },
    "../ssb-embedded-chat/node_modules/pull-abortable": {
      "version": "4.1.1",
      "license": "MIT"
    },
    "../ssb-embedded-chat/node_modules/pull-cat": {
      "version": "1.1.11",
      "license": "MIT"
    },
    "../ssb-embedded-chat/node_modules/pull-pause": {
      "version": "0.0.0",
      "license": "MIT"
    },
    "../ssb-embedded-chat/node_modules/pull-scroll": {
      "version": "1.0.9",
      "license": "MIT",
      "dependencies": {
        "obv": "0.0.1",
        "pull-pause": "0.0.0",
        "pull-stream": "^3.0.1"
      }
    },
    "../ssb-embedded-chat/node_modules/pull-scroll/node_modules/obv": {
      "version": "0.0.1",
      "license": "MIT"
    },
    "../ssb-embedded-chat/node_modules/pull-stream": {
      "version": "3.6.0",
      "license": "MIT"
    },
    "node_modules/bluebird": {
      "version": "3.7.2",
      "resolved": "https://registry.npmjs.org/bluebird/-/bluebird-3.7.2.tgz",
      "integrity": "sha512-XpNj6GDQzdfW+r2Wnn7xiSAd7TM3jzkxGXBGTtWKuSXv1xUV+azxAm8jdWZN06QTQk+2N2XB9jRDkvbmQmcRtg==",
      "license": "MIT"
    },
    "node_modules/browser-split": {
      "version": "0.0.0",
      "license": "MIT"
    },
    "node_modules/chessground": {
      "version": "7.6.8",
      "license": "GPL-3.0"
    },
    "node_modules/class-list": {
      "version": "0.1.1",
      "dependencies": {
        "indexof": "0.0.1"
      }
    },
    "node_modules/esm": {
      "version": "3.2.25",
      "resolved": "https://registry.npmjs.org/esm/-/esm-3.2.25.tgz",
      "integrity": "sha512-U1suiZ2oDVWv4zPO56S0NcR5QriEahGtdN2OR6FiOG4WJvcjBVFB0qI4+eKoWFH483PKGuLuu6V8Z4T5g63UVA==",
      "license": "MIT",
      "engines": {
        "node": ">=6"
      }
    },
    "node_modules/howler": {
      "version": "2.2.1",
      "license": "MIT"
    },
    "node_modules/html-element": {
      "version": "2.3.1",
      "license": "MIT",
      "dependencies": {
        "class-list": "~0.1.1"
      },
      "engines": {
        "node": ">=4.2"
      }
    },
    "node_modules/human-time": {
      "version": "0.0.2",
      "license": "MIT"
    },
    "node_modules/hyperscript": {
      "version": "2.0.2",
      "license": "MIT",
      "dependencies": {
        "browser-split": "0.0.0",
        "class-list": "~0.1.0",
        "html-element": "^2.0.0"
      }
    },
    "node_modules/indexof": {
      "version": "0.0.1"
    },
    "node_modules/lodash": {
      "version": "4.18.1",
      "resolved": "https://registry.npmjs.org/lodash/-/lodash-4.18.1.tgz",
      "integrity": "sha512-dMInicTPVE8d1e5otfwmmjlxkZoUpiVLwyeTdUsi/Caj/gfzzblBcCE5sRHV/AsjuCmxWrte2TNGSYuCeCq+0Q==",
      "license": "MIT"
    },
    "node_modules/mithril": {
      "version": "1.1.7",
      "license": "MIT",
      "bin": {
        "bundle": "bundler/bin/bundle",
        "ospec": "ospec/bin/ospec"
      }
    },
    "node_modules/mutant": {
      "version": "3.29.0",
      "license": "MIT",
      "dependencies": {
        "browser-split": "0.0.1",
        "xtend": "^4.0.1"
      }
    },
    "node_modules/mutant-pull-reduce": {
      "version": "1.1.0",
      "resolved": "https://registry.npmjs.org/mutant-pull-reduce/-/mutant-pull-reduce-1.1.0.tgz",
      "integrity": "sha512-2f9gCimAIHvlmriR2GTNvy9slU25unCpVgGthXzloDN9vnbt0/jC9c4gGGPBTc9iG77VX+f1c32rAt7m7eu7Nw==",
      "license": "MIT",
      "dependencies": {
        "mutant": "^3.14.1",
        "pull-pause": "0.0.0",
        "pull-stream": "^3.5.0"
      }
    },
    "node_modules/mutant/node_modules/browser-split": {
      "version": "0.0.1",
      "license": "MIT"
    },
    "node_modules/obv": {
      "version": "0.0.1",
      "license": "MIT"
    },
    "node_modules/pubsub-js": {
      "version": "1.9.3",
      "license": "MIT"
    },
    "node_modules/pull-abortable": {
      "version": "4.1.1",
      "resolved": "https://registry.npmjs.org/pull-abortable/-/pull-abortable-4.1.1.tgz",
      "integrity": "sha512-/zz8tW+T5tvtDc4NQVZTp3lJZoGEpUb2VDV3R5Q2/9lavNTwHK+hC5yF/3Q3LMmdn5AluFy23RFoqXIoySPl1w==",
      "license": "MIT"
    },
    "node_modules/pull-async-filter": {
      "version": "1.0.0",
      "resolved": "https://registry.npmjs.org/pull-async-filter/-/pull-async-filter-1.0.0.tgz",
      "integrity": "sha512-EC6vILZ4ftQ6OkzOQ8UPRdUoN8jYSRld0aohTfdcvpAZM+NGDFRYX6gAX6knta6B/tDp/iM2h8NARah1MIYe2Q==",
      "license": "MIT",
      "dependencies": {
        "pull-stream": "^2.26.0"
      }
    },
    "node_modules/pull-async-filter/node_modules/pull-stream": {
      "version": "2.28.4",
      "resolved": "https://registry.npmjs.org/pull-stream/-/pull-stream-2.28.4.tgz",
      "integrity": "sha512-+uTgIM11eTOctGHxiTgNC/50qyM6PXcf8OxG1gTQIimamqlnIIxR0LjDbLWbeU1jfzg3EArVxknUQWEs8dmArw==",
      "license": "MIT",
      "dependencies": {
        "pull-core": "~1.1.0"
      }
    },
    "node_modules/pull-cat": {
      "version": "1.1.11",
      "resolved": "https://registry.npmjs.org/pull-cat/-/pull-cat-1.1.11.tgz",
      "integrity": "sha512-i3w+xZ3DCtTVz8S62hBOuNLRHqVDsHMNZmgrZsjPnsxXUgbWtXEee84lo1XswE7W2a3WHyqsNuDJTjVLAQR8xg==",
      "license": "MIT"
    },
    "node_modules/pull-core": {
      "version": "1.1.0",
      "resolved": "https://registry.npmjs.org/pull-core/-/pull-core-1.1.0.tgz",
      "integrity": "sha512-j9cx14l4m4czQ7B85suR3QtdlAZWhQVY+OjcBHnhSh3Yu3XWJF2D720Ur9na7CxIGr2cZa1D15rrrY6xqMAvcA==",
      "license": "MIT"
    },
    "node_modules/pull-high-watermark": {
      "version": "0.2.0",
      "resolved": "https://registry.npmjs.org/pull-high-watermark/-/pull-high-watermark-0.2.0.tgz",
      "integrity": "sha512-kgiY2WwebW6i6oCC2ZuwJhHb/6zQ5rY/NwxbZu7Rp2sMVwWIAHGB0Pf3s0sffxdAHL3WkJKVWFeatTFLkRgjtA==",
      "license": "MIT"
    },
    "node_modules/pull-many": {
      "version": "1.0.9",
      "resolved": "https://registry.npmjs.org/pull-many/-/pull-many-1.0.9.tgz",
      "integrity": "sha512-+jUydDVlj/HsvtDqxWMSsiRq3B0HVo7RhBV4C0p2nZRS3mFTUEu9SPEBN+B5PMaW8KTnblYhTIaKg7oXgGnj4Q==",
      "license": "MIT",
      "dependencies": {
        "pull-stream": "^3.4.5"
      }
    },
    "node_modules/pull-pause": {
      "version": "0.0.0",
      "license": "MIT"
    },
    "node_modules/pull-resolve": {
      "version": "1.2.0",
      "resolved": "https://registry.npmjs.org/pull-resolve/-/pull-resolve-1.2.0.tgz",
      "integrity": "sha512-GYJ5SzJhdwtXURApxfzXpwl/0au1KH/vLBrAkFX/uU+LmreRojd8ymio6reesICCFuP4fwstddbZDymSEeRT0g==",
      "license": "Apache-2.0",
      "dependencies": {
        "pull-stream": "^3.6.7"
      }
    },
    "node_modules/pull-scan": {
      "version": "1.0.0",
      "resolved": "https://registry.npmjs.org/pull-scan/-/pull-scan-1.0.0.tgz",
      "integrity": "sha512-7DHdYsqxcu/YCwIXwqt+mq4GNp9brNizVGPU7fKjQ3qsjseit058hmS1TZZA5iDJqKz4okUVq1XhIkrtNGXCSg==",
      "license": "ISC",
      "dependencies": {
        "pull-stream": "^3.4.5"
      }
    },
    "node_modules/pull-scroll": {
      "version": "1.0.9",
      "license": "MIT",
      "dependencies": {
        "obv": "0.0.1",
        "pull-pause": "0.0.0",
        "pull-stream": "^3.0.1"
      }
    },
    "node_modules/pull-stream": {
      "version": "3.6.14",
      "license": "MIT"
    },
    "node_modules/ramda": {
      "version": "0.25.0",
      "license": "MIT"
    },
    "node_modules/ssb-chess": {
      "version": "4.0.5",
      "resolved": "https://registry.npmjs.org/ssb-chess/-/ssb-chess-4.0.5.tgz",
      "integrity": "sha512-iT6TgXh7alif1WIDYj9LJSm8eLAEZ2tJ0xWSac/yLkCAnVd7b2iCCpCW9psehMUGuFJLVypS8Id8J1cMAGvm/Q==",
      "license": "GPL-2.0",
      "dependencies": {
        "bluebird": "^3.7.2",
        "lodash": "^4.18.1",
        "mutant": "3.29.0",
        "mutant-pull-reduce": "^1.1.0",
        "pubsub-js": "1.5.7",
        "pull-abortable": "^4.1.1",
        "pull-async-filter": "^1.0.0",
        "pull-cat": "^1.1.11",
        "pull-high-watermark": "^0.2.0",
        "pull-many": "^1.0.8",
        "pull-resolve": "^1.2.0",
        "pull-scan": "^1.0.0",
        "pull-stream": "^3.6.14",
        "ssb-chess-index": "2.0.0",
        "tiny-worker": "2.3.0"
      }
    },
    "node_modules/ssb-chess-index": {
      "version": "2.0.0",
      "resolved": "https://registry.npmjs.org/ssb-chess-index/-/ssb-chess-index-2.0.0.tgz",
      "integrity": "sha512-BlILk0XjGFqqeKpBFbayKCHZ+pVWNZInv0mSt6SEqQpK1rUnDCnJlrWox8ajb5yXc8xJz24bupd9MUVK/y1D1Q==",
      "license": "MIT",
      "dependencies": {
        "pull-many": "^1.0.9",
        "pull-scan": "^1.0.0",
        "pull-stream": "^3.6.14"
      }
    },
    "node_modules/ssb-chess/node_modules/pubsub-js": {
      "version": "1.5.7",
      "resolved": "https://registry.npmjs.org/pubsub-js/-/pubsub-js-1.5.7.tgz",
      "integrity": "sha512-0nPU66GrK84OooIIJ0Pv2lAeagLz/Cd9oqUaA1VEn3X/cOlUXTEfxMypg+YuPODtRwLg5QKm4RVBh6NkBUxcOQ==",
      "license": "MIT"
    },
    "node_modules/ssb-embedded-chat": {
      "resolved": "../ssb-embedded-chat",
      "link": true
    },
    "node_modules/tiny-worker": {
      "version": "2.3.0",
      "resolved": "https://registry.npmjs.org/tiny-worker/-/tiny-worker-2.3.0.tgz",
      "integrity": "sha512-pJ70wq5EAqTAEl9IkGzA+fN0836rycEuz2Cn6yeZ6FRzlVS5IDOkFHpIoEsksPRQV34GDqXm65+OlnZqUSyK2g==",
      "license": "BSD-3-Clause",
      "dependencies": {
        "esm": "^3.2.25"
      }
    },
    "node_modules/xtend": {
      "version": "4.0.2",
      "license": "MIT",
      "engines": {
        "node": ">=0.4"
      }
    }
  }
}
