{
  "name": "ssb-chess-mithril",
  "version": "2.0.7",
  "lockfileVersion": 3,
  "requires": true,
  "packages": {
    "": {
      "name": "ssb-chess-mithril",
      "version": "2.0.7",
      "license": "GPL-3.0",
      "dependencies": {
        "chessground": "7.6.8",
        "howler": "^2.0.15",
        "human-time": "0.0.2",
        "hyperscript": "^2.0.2",
        "lodash": "^4.17.11",
        "mithril": "1.1.7",
        "mutant": "3.29.0",
        "pubsub-js": "^1.7.0",
        "pull-scroll": "^1.0.9",
        "pull-stream": "^3.6.14",
        "ramda": "^0.25.0",
        "ssb-chess": "4.0.4",
        "ssb-embedded-chat": "2.0.1"
      }
    },
    "../ssb-chess": {
      "version": "4.0.4",
      "license": "GPL-2.0",
      "dependencies": {
        "bluebird": "^3.7.2",
        "lodash": "^4.18.1",
        "mutant": "3.29.0",
        "mutant-pull-reduce": "^1.1.0",
        "pubsub-js": "1.5.7",
        "pull-abortable": "^4.1.1",
        "pull-async-filter": "^1.0.0",
        "pull-cat": "^1.1.11",
        "pull-high-watermark": "^0.2.0",
        "pull-many": "^1.0.8",
        "pull-resolve": "^1.2.0",
        "pull-scan": "^1.0.0",
        "pull-stream": "^3.6.14",
        "ssb-chess-index": "2.0.0",
        "tiny-worker": "2.3.0"
      },
      "devDependencies": {
        "eslint": "^5.6.1",
        "eslint-config-airbnb": "^17.1.0",
        "eslint-config-airbnb-base": "^13.1.0",
        "eslint-plugin-import": "^2.14.0",
        "mocha": "^6.0.2",
        "ssb-client": "^4.9.0"
      }
    },
    "node_modules/browser-split": {
      "version": "0.0.0",
      "resolved": "https://registry.npmjs.org/browser-split/-/browser-split-0.0.0.tgz",
      "integrity": "sha1-QUGcrvdpdVkp3VGJZ9PuwKYmJ3E="
    },
    "node_modules/chessground": {
      "version": "7.6.8",
      "resolved": "https://registry.npmjs.org/chessground/-/chessground-7.6.8.tgz",
      "integrity": "sha512-8Yj9e7qnmunRguPWLeTyPLJJb6mcAyb1JihacqT3aMDTQbKMyBr2w93VAakvlJGDRB1pJsliR7bBl2FfUl08mw==",
      "deprecated": "Package no longer supported. Contact Support at https://www.npmjs.com/support for more info."
    },
    "node_modules/class-list": {
      "version": "0.1.1",
      "resolved": "https://registry.npmjs.org/class-list/-/class-list-0.1.1.tgz",
      "integrity": "sha1-m5dFGSxBebXaCg12M2WOPHDXlss=",
      "dependencies": {
        "indexof": "0.0.1"
      }
    },
    "node_modules/howler": {
      "version": "2.2.1",
      "resolved": "https://registry.npmjs.org/howler/-/howler-2.2.1.tgz",
      "integrity": "sha512-0iIXvuBO/81CcrQ/HSSweYmbT50fT2mIc9XMFb+kxIfk2pW/iKzDbX1n3fZmDXMEIpYvyyfrB+gXwPYSDqUxIQ=="
    },
    "node_modules/html-element": {
      "version": "2.3.1",
      "resolved": "https://registry.npmjs.org/html-element/-/html-element-2.3.1.tgz",
      "integrity": "sha512-xnFt2ZkbFcjc+JoAtg3Hl89VeEZDjododu4VCPkRvFmBTHHA9U1Nt6hLUWfW2O+6Sl/rT1hHK/PivleX3PdBJQ==",
      "dependencies": {
        "class-list": "~0.1.1"
      },
      "engines": {
        "node": ">=4.2"
      }
    },
    "node_modules/human-time": {
      "version": "0.0.2",
      "resolved": "https://registry.npmjs.org/human-time/-/human-time-0.0.2.tgz",
      "integrity": "sha512-sbYI90YhYmstslPTb70BLGjy6mdESa0lxL7uDR4fIVAx9Iobz8fLEqi7FqF4Q/6vblrzZALg//MsYJlIPBU8SA=="
    },
    "node_modules/hyperscript": {
      "version": "2.0.2",
      "resolved": "https://registry.npmjs.org/hyperscript/-/hyperscript-2.0.2.tgz",
      "integrity": "sha1-ODnLpFVUvf4nu4HCFC0WhPgTWvU=",
      "dependencies": {
        "browser-split": "0.0.0",
        "class-list": "~0.1.0",
        "html-element": "^2.0.0"
      }
    },
    "node_modules/indexof": {
      "version": "0.0.1",
      "resolved": "https://registry.npmjs.org/indexof/-/indexof-0.0.1.tgz",
      "integrity": "sha1-gtwzbSMrkGIXnQWrMpOmYFn9Q10="
    },
    "node_modules/lodash": {
      "version": "4.18.1",
      "resolved": "https://registry.npmjs.org/lodash/-/lodash-4.18.1.tgz",
      "integrity": "sha512-dMInicTPVE8d1e5otfwmmjlxkZoUpiVLwyeTdUsi/Caj/gfzzblBcCE5sRHV/AsjuCmxWrte2TNGSYuCeCq+0Q==",
      "license": "MIT"
    },
    "node_modules/mithril": {
      "version": "1.1.7",
      "resolved": "https://registry.npmjs.org/mithril/-/mithril-1.1.7.tgz",
      "integrity": "sha512-1SAkGeVrIVvkUHlPHvR3pXdWzNfTzmS/fBAe+rC2ApEBfZFFc+idi8Qg/M5JoW/sZkIDXSfQYVgvENMIhBIVAg==",
      "bin": {
        "bundle": "bundler/bin/bundle",
        "ospec": "ospec/bin/ospec"
      }
    },
    "node_modules/mutant": {
      "version": "3.29.0",
      "resolved": "https://registry.npmjs.org/mutant/-/mutant-3.29.0.tgz",
      "integrity": "sha512-w7r+WxzoGynhiTdFLtot8saPnSTXOaqZLWqwKAapatYOFaTFJPY6eJlpDOMFCRE7g2hUXVWXQf5P36TKwk1dpA==",
      "dependencies": {
        "browser-split": "0.0.1",
        "xtend": "^4.0.1"
      }
    },
    "node_modules/mutant/node_modules/browser-split": {
      "version": "0.0.1",
      "resolved": "https://registry.npmjs.org/browser-split/-/browser-split-0.0.1.tgz",
      "integrity": "sha1-ewl1dPjj6tYG+0Zk5krf3aKYGpM="
    },
    "node_modules/obv": {
      "version": "0.0.1",
      "resolved": "https://registry.npmjs.org/obv/-/obv-0.0.1.tgz",
      "integrity": "sha1-yyNhBjQVNvDaxIFeBnCCIcrX+14="
    },
    "node_modules/pubsub-js": {
      "version": "1.9.3",
      "resolved": "https://registry.npmjs.org/pubsub-js/-/pubsub-js-1.9.3.tgz",
      "integrity": "sha512-FhYYlPNOywTh7zN38u5AlG67emA47w6JZd7YgdQU1w8gQbZhhIGxVM0AQosdaINHb2ALb+fhfnVyBJAt4D4IzA=="
    },
    "node_modules/pull-abortable": {
      "version": "4.1.1",
      "resolved": "https://registry.npmjs.org/pull-abortable/-/pull-abortable-4.1.1.tgz",
      "integrity": "sha1-s61a77QRayWRbSbbiTk6yY0NzqE="
    },
    "node_modules/pull-cat": {
      "version": "1.1.11",
      "resolved": "https://registry.npmjs.org/pull-cat/-/pull-cat-1.1.11.tgz",
      "integrity": "sha1-tkLdElXaN2pwa220+pYvX9t0wxs="
    },
    "node_modules/pull-pause": {
      "version": "0.0.0",
      "resolved": "https://registry.npmjs.org/pull-pause/-/pull-pause-0.0.0.tgz",
      "integrity": "sha1-EBpijXF+Gd+/mADp3sjyXTBGGWk="
    },
    "node_modules/pull-scroll": {
      "version": "1.0.9",
      "resolved": "https://registry.npmjs.org/pull-scroll/-/pull-scroll-1.0.9.tgz",
      "integrity": "sha1-B9FUjju7K0ALFcV/brjKQBKm/ik=",
      "dependencies": {
        "obv": "0.0.1",
        "pull-pause": "0.0.0",
        "pull-stream": "^3.0.1"
      }
    },
    "node_modules/pull-stream": {
      "version": "3.6.14",
      "resolved": "https://registry.npmjs.org/pull-stream/-/pull-stream-3.6.14.tgz",
      "integrity": "sha512-KIqdvpqHHaTUA2mCYcLG1ibEbu/LCKoJZsBWyv9lSYtPkJPBq8m3Hxa103xHi6D2thj5YXa0TqK3L3GUkwgnew=="
    },
    "node_modules/ramda": {
      "version": "0.25.0",
      "resolved": "https://registry.npmjs.org/ramda/-/ramda-0.25.0.tgz",
      "integrity": "sha512-GXpfrYVPwx3K7RQ6aYT8KPS8XViSXUVJT1ONhoKPE9VAleW42YE+U+8VEyGWt41EnEQW7gwecYJriTI0pKoecQ=="
    },
    "node_modules/ssb-chess": {
      "resolved": "../ssb-chess",
      "link": true
    },
    "node_modules/ssb-embedded-chat": {
      "version": "2.0.1",
      "resolved": "https://registry.npmjs.org/ssb-embedded-chat/-/ssb-embedded-chat-2.0.1.tgz",
      "integrity": "sha512-W7sh9Qt4jI4JS5kSJ9FEPS3ETU+Bgd2ZFtTFbAvtfH5Nbg3yEeo7ZwS3cnCNwylfoV7nHS0G2e9hlnkKfux9FA==",
      "dependencies": {
        "hyperscript": "2.0.2",
        "pull-abortable": "^4.1.1",
        "pull-cat": "^1.1.11",
        "pull-scroll": "1.0.9",
        "pull-stream": "3.6.0"
      }
    },
    "node_modules/ssb-embedded-chat/node_modules/pull-stream": {
      "version": "3.6.0",
      "resolved": "https://registry.npmjs.org/pull-stream/-/pull-stream-3.6.0.tgz",
      "integrity": "sha1-WdAzpoFdTjCX1Hw9KxiTqeWKI1E="
    },
    "node_modules/xtend": {
      "version": "4.0.2",
      "resolved": "https://registry.npmjs.org/xtend/-/xtend-4.0.2.tgz",
      "integrity": "sha512-LKYU1iAXJXUgAXn9URjiu+MWhyUXHsvfp7mcuYm9dSUKK0/CjtrUwFAxD82/mCWbtLsGjFIad0wIsod4zrTAEQ==",
      "engines": {
        "node": ">=0.4"
      }
    }
  }
}
